
Microsoft Visual Studio Solution File, Format Version 12.00
# Visual Studio Version 17
VisualStudioVersion = 17.2.32516.85
MinimumVisualStudioVersion = 10.0.40219.1
Project("{FAE04EC0-301F-11D3-BF4B-00C04F79EFBC}") = "Activity 4", "Activity 4\Activity 4.csproj", "{CE471972-9D94-4C36-9EBF-DB3E420E14A6}"
EndProject
Global
	GlobalSection(SolutionConfigurationPlatforms) = preSolution
		Debug|Any CPU = Debug|Any CPU
		Release|Any CPU = Release|Any CPU
	EndGlobalSection
	GlobalSection(ProjectConfigurationPlatforms) = postSolution
		{CE471972-9D94-4C36-9EBF-DB3E420E14A6}.Debug|Any CPU.ActiveCfg = Debug|Any CPU
		{CE471972-9D94-4C36-9EBF-DB3E420E14A6}.Debug|Any CPU.Build.0 = Debug|Any CPU
		{CE471972-9D94-4C36-9EBF-DB3E420E14A6}.Release|Any CPU.ActiveCfg = Release|Any CPU
		{CE471972-9D94-4C36-9EBF-DB3E420E14A6}.Release|Any CPU.Build.0 = Release|Any CPU
	EndGlobalSection
	GlobalSection(SolutionProperties) = preSolution
		HideSolutionNode = FALSE
	EndGlobalSection
	GlobalSection(ExtensibilityGlobals) = postSolution
		SolutionGuid = {DFF3B988-431A-44F8-BB13-8C7193F86AFB}
	EndGlobalSection
EndGlobal
